{
  "requires": true,
  "lockfileVersion": 1,
  "dependencies": {
    "colorette": {
      "version": "1.2.0",
      "resolved": "https://registry.npmjs.org/colorette/-/colorette-1.2.0.tgz",
      "integrity": "sha512-soRSroY+OF/8OdA3PTQXwaDJeMc7TfknKKrxeSCencL2a4+Tx5zhxmmv7hdpCjhKBjehzp8+bwe/T68K0hpIjw=="
    }
  }
}
